# containers.lock.yaml — AUTO-GENERATED by scripts/pin_containers.py
# Do not edit manually. Re-run pin_containers.py to update.
# Commit this file to pin container versions for reproducibility.

abricate: docker://quay.io/biocontainers/abricate:1.4.0--h05cac1d_0
argnorm: docker://quay.io/biocontainers/argnorm:1.1.0--pyhdfd78af_0
bakta: docker://quay.io/biocontainers/bakta:1.12.0--pyhdfd78af_0
binette: docker://quay.io/biocontainers/binette:1.2.1--pyh7e72e81_0
bwa_mem2: docker://quay.io/biocontainers/bwa-mem2:2.3--he70b90d_0
checkm2: docker://quay.io/biocontainers/checkm2:1.1.0--pyh7e72e81_1
checkv: docker://quay.io/biocontainers/checkv:1.0.3--pyhdfd78af_0
cobra_meta: docker://quay.io/biocontainers/cobra-meta:1.2.3--pyhdfd78af_0
coverm: docker://quay.io/biocontainers/coverm:0.7.0--hcb7b614_4
deeparg: docker://quay.io/biocontainers/deeparg:1.0.4--pyhdfd78af_0
defense_finder: docker://quay.io/biocontainers/defense-finder:3.0.0--pyhdfd78af_0
diamond: docker://quay.io/biocontainers/diamond:2.1.8--h43eeafb_0
eggnog_mapper: docker://quay.io/biocontainers/eggnog-mapper:2.1.13--pyhdfd78af_2
fastp: docker://quay.io/biocontainers/fastp:1.3.5--h43da1c4_0
filtlong: docker://quay.io/biocontainers/filtlong:0.3.1--h077b44d_0
flye: docker://quay.io/biocontainers/flye:2.9.6--py39h475c85d_0
galah: docker://quay.io/biocontainers/galah:0.4.2--hc1c3326_2
genomad: docker://quay.io/biocontainers/genomad:1.11.2--pyhdfd78af_0
genome_map: docker://ghcr.io/lymf/vapor-genome-map:1.0
gtdbtk: docker://quay.io/biocontainers/gtdbtk:2.6.1--pyh1f0d9b5_2
gunc: docker://quay.io/biocontainers/gunc:1.1.1--pyhdfd78af_0
hifiasm: docker://quay.io/biocontainers/hifiasm:0.25.0--h5ca1c30_0
medaka: docker://quay.io/biocontainers/medaka:2.2.0--py312ha65e1bd_0
megahit: docker://quay.io/biocontainers/megahit:1.2.9--haf24da9_8
metabat2: docker://quay.io/biocontainers/metabat2:2.18--h6f16272_0
metamdbg: docker://quay.io/biocontainers/metamdbg:1.4--h3be2455_0
minimap2: docker://quay.io/biocontainers/minimap2:2.30--h577a1d6_0
mmseqs2: docker://quay.io/biocontainers/mmseqs2:18.8cc5c--hd6d6fdc_0
multiqc: docker://quay.io/biocontainers/multiqc:1.33--pyhdfd78af_0
nanoplot: docker://quay.io/biocontainers/nanoplot:1.46.2--pyhdfd78af_1
ncbi-amrfinderplus: docker://quay.io/biocontainers/ncbi-amrfinderplus:4.2.7--hf69ffd2_0
pharokka: docker://quay.io/biocontainers/pharokka:1.9.1--pyhdfd78af_1
phist: docker://quay.io/biocontainers/phist:1.0.0--py39h475c85d_1
phold: docker://quay.io/biocontainers/phold:1.2.5--pyhdfd78af_0
porechop_abi: docker://quay.io/biocontainers/porechop_abi:0.5.1--py39h475c85d_0
prodigal: docker://quay.io/biocontainers/prodigal:2.6.3--hec16e2b_5
quast: docker://quay.io/biocontainers/quast:5.3.0--py39pl5321heaaa4ec_0
rgi: docker://quay.io/biocontainers/rgi:6.0.5--pyh05cac1d_0
samtools: docker://quay.io/biocontainers/samtools:1.23--h96c455f_0
semibin: docker://quay.io/biocontainers/semibin:2.2.1--pyhdfd78af_0
skani: docker://quay.io/biocontainers/skani:0.3.1--ha6fb395_0
spades: docker://quay.io/biocontainers/spades:4.2.0--haf24da9_0
sylph: docker://quay.io/biocontainers/sylph:0.9.0--ha6fb395_0
sylph_tax: docker://quay.io/biocontainers/sylph-tax:1.9.1--pyhdfd78af_0
vamb: docker://quay.io/biocontainers/vamb:5.0.4--pyhdfd78af_0
vibrant: docker://quay.io/biocontainers/vibrant:1.2.1--hdfd78af_4
virsorter: docker://quay.io/biocontainers/virsorter:2.2.4--pyhdfd78af_2
vrhyme: docker://quay.io/biocontainers/vrhyme:1.1.0--pyhdfd78af_1
